
Microsoft Visual Studio Solution File, Format Version 12.00
# Visual Studio 15
VisualStudioVersion = 15.0.28307.421
MinimumVisualStudioVersion = 10.0.40219.1
Project("{FAE04EC0-301F-11D3-BF4B-00C04F79EFBC}") = "GenelBankaUygulamasi", "GenelBankaUygulaması\GenelBankaUygulamasi.csproj", "{C1EDAE0B-EE19-4F2E-B420-A16A3C7BE6C6}"
EndProject
Project("{FAE04EC0-301F-11D3-BF4B-00C04F79EFBC}") = "BankaUygulamasiClasslari", "BankaUygulamasıClasslari\BankaUygulamasiClasslari.csproj", "{1640FE99-2B9E-430F-BF7A-BA6712440A2B}"
EndProject
Global
	GlobalSection(SolutionConfigurationPlatforms) = preSolution
		Debug|Any CPU = Debug|Any CPU
		Release|Any CPU = Release|Any CPU
	EndGlobalSection
	GlobalSection(ProjectConfigurationPlatforms) = postSolution
		{C1EDAE0B-EE19-4F2E-B420-A16A3C7BE6C6}.Debug|Any CPU.ActiveCfg = Debug|Any CPU
		{C1EDAE0B-EE19-4F2E-B420-A16A3C7BE6C6}.Debug|Any CPU.Build.0 = Debug|Any CPU
		{C1EDAE0B-EE19-4F2E-B420-A16A3C7BE6C6}.Release|Any CPU.ActiveCfg = Release|Any CPU
		{C1EDAE0B-EE19-4F2E-B420-A16A3C7BE6C6}.Release|Any CPU.Build.0 = Release|Any CPU
		{1640FE99-2B9E-430F-BF7A-BA6712440A2B}.Debug|Any CPU.ActiveCfg = Debug|Any CPU
		{1640FE99-2B9E-430F-BF7A-BA6712440A2B}.Debug|Any CPU.Build.0 = Debug|Any CPU
		{1640FE99-2B9E-430F-BF7A-BA6712440A2B}.Release|Any CPU.ActiveCfg = Release|Any CPU
		{1640FE99-2B9E-430F-BF7A-BA6712440A2B}.Release|Any CPU.Build.0 = Release|Any CPU
	EndGlobalSection
	GlobalSection(SolutionProperties) = preSolution
		HideSolutionNode = FALSE
	EndGlobalSection
	GlobalSection(ExtensibilityGlobals) = postSolution
		SolutionGuid = {A09CD5A3-81D4-466B-B3D1-4D5D50CC988D}
	EndGlobalSection
EndGlobal
